
Microsoft Visual Studio Solution File, Format Version 12.00
# Visual Studio 15
VisualStudioVersion = 15.0.26403.7
MinimumVisualStudioVersion = 10.0.40219.1
Project("{FAE04EC0-301F-11D3-BF4B-00C04F79EFBC}") = "SE2-LP Application", "SE2-LP Application\SE2-LP Application.csproj", "{5F004AC7-7590-48F3-9E77-E59DFAE9FD94}"
EndProject
Global
	GlobalSection(SolutionConfigurationPlatforms) = preSolution
		Debug|Any CPU = Debug|Any CPU
		Release|Any CPU = Release|Any CPU
	EndGlobalSection
	GlobalSection(ProjectConfigurationPlatforms) = postSolution
		{5F004AC7-7590-48F3-9E77-E59DFAE9FD94}.Debug|Any CPU.ActiveCfg = Debug|Any CPU
		{5F004AC7-7590-48F3-9E77-E59DFAE9FD94}.Debug|Any CPU.Build.0 = Debug|Any CPU
		{5F004AC7-7590-48F3-9E77-E59DFAE9FD94}.Release|Any CPU.ActiveCfg = Release|Any CPU
		{5F004AC7-7590-48F3-9E77-E59DFAE9FD94}.Release|Any CPU.Build.0 = Release|Any CPU
	EndGlobalSection
	GlobalSection(SolutionProperties) = preSolution
		HideSolutionNode = FALSE
	EndGlobalSection
EndGlobal
